
Microsoft Visual Studio Solution File, Format Version 12.00
# Visual Studio Version 16
VisualStudioVersion = 16.0.30011.22
MinimumVisualStudioVersion = 10.0.40219.1
Project("{FAE04EC0-301F-11D3-BF4B-00C04F79EFBC}") = "UsherBot", "Demo\UsherBot\UsherBot.csproj", "{D57D6619-6BF5-4FA7-8609-06AF96BCD4D3}"
EndProject
Project("{2150E333-8FDC-42A3-9474-1A3956D46DE8}") = "Solution Items", "Solution Items", "{54DC3283-4881-47A0-82A8-948A3582A156}"
	ProjectSection(SolutionItems) = preProject
		.editorconfig = .editorconfig
	EndProjectSection
EndProject
Project("{FAE04EC0-301F-11D3-BF4B-00C04F79EFBC}") = "GmailSenderLib", "Demo\GmailSender\GmailSenderLib\GmailSenderLib.csproj", "{340B0E7F-3542-4527-9473-E4A5A31188F1}"
EndProject
Project("{FAE04EC0-301F-11D3-BF4B-00C04F79EFBC}") = "ZoomMeetingBotSDK.ChatBot.ChatterBot", "ChatBots\ChatterBot\ZoomMeetingBotSDK.ChatBot.ChatterBot.csproj", "{CC913E5A-5EE4-4B4A-9A21-CAD10CD658D4}"
EndProject
Project("{FAE04EC0-301F-11D3-BF4B-00C04F79EFBC}") = "ZoomMeetingBotSDK.Sound", "SDK\Sound\ZoomMeetingBotSDK.Sound.csproj", "{B8BF3636-96E4-45DF-B5AE-BF5AD730B862}"
EndProject
Project("{FAE04EC0-301F-11D3-BF4B-00C04F79EFBC}") = "ZoomMeetingBotSDK", "SDK\ZoomMeetingBotSDK.csproj", "{6E75E9FF-16F0-42B8-BBD8-EE25B9F52E0E}"
EndProject
Project("{FAE04EC0-301F-11D3-BF4B-00C04F79EFBC}") = "ZoomMeetingBotSDK.ChatBot.SimpleBot", "ChatBots\SimpleBot\ZoomMeetingBotSDK.ChatBot.SimpleBot.csproj", "{B1F7ED28-9FC5-4243-8B86-7804AC48705B}"
EndProject
Project("{2150E333-8FDC-42A3-9474-1A3956D46DE8}") = "SDK", "SDK", "{329F8FF4-36D4-495F-9F12-C579C7E38E29}"
EndProject
Project("{2150E333-8FDC-42A3-9474-1A3956D46DE8}") = "ChatBots", "ChatBots", "{3447DD6F-23FA-4CC4-912D-9007DADB6B33}"
EndProject
Project("{2150E333-8FDC-42A3-9474-1A3956D46DE8}") = "Demo", "Demo", "{C6295193-9929-4EE2-9052-BA56F0D2265B}"
EndProject
Project("{FAE04EC0-301F-11D3-BF4B-00C04F79EFBC}") = "ZoomMeetingBotSDK.Controller", "SDK\Controller\ZoomMeetingBotSDK.Controller\ZoomMeetingBotSDK.Controller.csproj", "{9AFA8B81-D988-40CD-AE15-17AC4ACAA7D2}"
EndProject
Global
	GlobalSection(SolutionConfigurationPlatforms) = preSolution
		Debug|Any CPU = Debug|Any CPU
		Debug|x86 = Debug|x86
		Release|Any CPU = Release|Any CPU
		Release|x86 = Release|x86
	EndGlobalSection
	GlobalSection(ProjectConfigurationPlatforms) = postSolution
		{D57D6619-6BF5-4FA7-8609-06AF96BCD4D3}.Debug|Any CPU.ActiveCfg = Debug|Any CPU
		{D57D6619-6BF5-4FA7-8609-06AF96BCD4D3}.Debug|Any CPU.Build.0 = Debug|Any CPU
		{D57D6619-6BF5-4FA7-8609-06AF96BCD4D3}.Debug|x86.ActiveCfg = Debug|x86
		{D57D6619-6BF5-4FA7-8609-06AF96BCD4D3}.Debug|x86.Build.0 = Debug|x86
		{D57D6619-6BF5-4FA7-8609-06AF96BCD4D3}.Release|Any CPU.ActiveCfg = Release|Any CPU
		{D57D6619-6BF5-4FA7-8609-06AF96BCD4D3}.Release|Any CPU.Build.0 = Release|Any CPU
		{D57D6619-6BF5-4FA7-8609-06AF96BCD4D3}.Release|x86.ActiveCfg = Release|Any CPU
		{D57D6619-6BF5-4FA7-8609-06AF96BCD4D3}.Release|x86.Build.0 = Release|Any CPU
		{340B0E7F-3542-4527-9473-E4A5A31188F1}.Debug|Any CPU.ActiveCfg = Debug|Any CPU
		{340B0E7F-3542-4527-9473-E4A5A31188F1}.Debug|Any CPU.Build.0 = Debug|Any CPU
		{340B0E7F-3542-4527-9473-E4A5A31188F1}.Debug|x86.ActiveCfg = Debug|Any CPU
		{340B0E7F-3542-4527-9473-E4A5A31188F1}.Debug|x86.Build.0 = Debug|Any CPU
		{340B0E7F-3542-4527-9473-E4A5A31188F1}.Release|Any CPU.ActiveCfg = Release|Any CPU
		{340B0E7F-3542-4527-9473-E4A5A31188F1}.Release|Any CPU.Build.0 = Release|Any CPU
		{340B0E7F-3542-4527-9473-E4A5A31188F1}.Release|x86.ActiveCfg = Release|Any CPU
		{340B0E7F-3542-4527-9473-E4A5A31188F1}.Release|x86.Build.0 = Release|Any CPU
		{CC913E5A-5EE4-4B4A-9A21-CAD10CD658D4}.Debug|Any CPU.ActiveCfg = Debug|Any CPU
		{CC913E5A-5EE4-4B4A-9A21-CAD10CD658D4}.Debug|Any CPU.Build.0 = Debug|Any CPU
		{CC913E5A-5EE4-4B4A-9A21-CAD10CD658D4}.Debug|x86.ActiveCfg = Debug|Any CPU
		{CC913E5A-5EE4-4B4A-9A21-CAD10CD658D4}.Debug|x86.Build.0 = Debug|Any CPU
		{CC913E5A-5EE4-4B4A-9A21-CAD10CD658D4}.Release|Any CPU.ActiveCfg = Release|Any CPU
		{CC913E5A-5EE4-4B4A-9A21-CAD10CD658D4}.Release|Any CPU.Build.0 = Release|Any CPU
		{CC913E5A-5EE4-4B4A-9A21-CAD10CD658D4}.Release|x86.ActiveCfg = Release|Any CPU
		{CC913E5A-5EE4-4B4A-9A21-CAD10CD658D4}.Release|x86.Build.0 = Release|Any CPU
		{B8BF3636-96E4-45DF-B5AE-BF5AD730B862}.Debug|Any CPU.ActiveCfg = Debug|Any CPU
		{B8BF3636-96E4-45DF-B5AE-BF5AD730B862}.Debug|Any CPU.Build.0 = Debug|Any CPU
		{B8BF3636-96E4-45DF-B5AE-BF5AD730B862}.Debug|x86.ActiveCfg = Debug|Any CPU
		{B8BF3636-96E4-45DF-B5AE-BF5AD730B862}.Debug|x86.Build.0 = Debug|Any CPU
		{B8BF3636-96E4-45DF-B5AE-BF5AD730B862}.Release|Any CPU.ActiveCfg = Release|Any CPU
		{B8BF3636-96E4-45DF-B5AE-BF5AD730B862}.Release|Any CPU.Build.0 = Release|Any CPU
		{B8BF3636-96E4-45DF-B5AE-BF5AD730B862}.Release|x86.ActiveCfg = Release|Any CPU
		{B8BF3636-96E4-45DF-B5AE-BF5AD730B862}.Release|x86.Build.0 = Release|Any CPU
		{6E75E9FF-16F0-42B8-BBD8-EE25B9F52E0E}.Debug|Any CPU.ActiveCfg = Debug|Any CPU
		{6E75E9FF-16F0-42B8-BBD8-EE25B9F52E0E}.Debug|Any CPU.Build.0 = Debug|Any CPU
		{6E75E9FF-16F0-42B8-BBD8-EE25B9F52E0E}.Debug|x86.ActiveCfg = Debug|Any CPU
		{6E75E9FF-16F0-42B8-BBD8-EE25B9F52E0E}.Debug|x86.Build.0 = Debug|Any CPU
		{6E75E9FF-16F0-42B8-BBD8-EE25B9F52E0E}.Release|Any CPU.ActiveCfg = Release|Any CPU
		{6E75E9FF-16F0-42B8-BBD8-EE25B9F52E0E}.Release|Any CPU.Build.0 = Release|Any CPU
		{6E75E9FF-16F0-42B8-BBD8-EE25B9F52E0E}.Release|x86.ActiveCfg = Release|Any CPU
		{6E75E9FF-16F0-42B8-BBD8-EE25B9F52E0E}.Release|x86.Build.0 = Release|Any CPU
		{B1F7ED28-9FC5-4243-8B86-7804AC48705B}.Debug|Any CPU.ActiveCfg = Debug|Any CPU
		{B1F7ED28-9FC5-4243-8B86-7804AC48705B}.Debug|Any CPU.Build.0 = Debug|Any CPU
		{B1F7ED28-9FC5-4243-8B86-7804AC48705B}.Debug|x86.ActiveCfg = Debug|Any CPU
		{B1F7ED28-9FC5-4243-8B86-7804AC48705B}.Debug|x86.Build.0 = Debug|Any CPU
		{B1F7ED28-9FC5-4243-8B86-7804AC48705B}.Release|Any CPU.ActiveCfg = Release|Any CPU
		{B1F7ED28-9FC5-4243-8B86-7804AC48705B}.Release|Any CPU.Build.0 = Release|Any CPU
		{B1F7ED28-9FC5-4243-8B86-7804AC48705B}.Release|x86.ActiveCfg = Release|Any CPU
		{B1F7ED28-9FC5-4243-8B86-7804AC48705B}.Release|x86.Build.0 = Release|Any CPU
		{9AFA8B81-D988-40CD-AE15-17AC4ACAA7D2}.Debug|Any CPU.ActiveCfg = Debug|Any CPU
		{9AFA8B81-D988-40CD-AE15-17AC4ACAA7D2}.Debug|Any CPU.Build.0 = Debug|Any CPU
		{9AFA8B81-D988-40CD-AE15-17AC4ACAA7D2}.Debug|x86.ActiveCfg = Debug|Any CPU
		{9AFA8B81-D988-40CD-AE15-17AC4ACAA7D2}.Debug|x86.Build.0 = Debug|Any CPU
		{9AFA8B81-D988-40CD-AE15-17AC4ACAA7D2}.Release|Any CPU.ActiveCfg = Release|Any CPU
		{9AFA8B81-D988-40CD-AE15-17AC4ACAA7D2}.Release|Any CPU.Build.0 = Release|Any CPU
		{9AFA8B81-D988-40CD-AE15-17AC4ACAA7D2}.Release|x86.ActiveCfg = Release|Any CPU
		{9AFA8B81-D988-40CD-AE15-17AC4ACAA7D2}.Release|x86.Build.0 = Release|Any CPU
	EndGlobalSection
	GlobalSection(SolutionProperties) = preSolution
		HideSolutionNode = FALSE
	EndGlobalSection
	GlobalSection(NestedProjects) = preSolution
		{D57D6619-6BF5-4FA7-8609-06AF96BCD4D3} = {C6295193-9929-4EE2-9052-BA56F0D2265B}
		{340B0E7F-3542-4527-9473-E4A5A31188F1} = {C6295193-9929-4EE2-9052-BA56F0D2265B}
		{CC913E5A-5EE4-4B4A-9A21-CAD10CD658D4} = {3447DD6F-23FA-4CC4-912D-9007DADB6B33}
		{B8BF3636-96E4-45DF-B5AE-BF5AD730B862} = {329F8FF4-36D4-495F-9F12-C579C7E38E29}
		{6E75E9FF-16F0-42B8-BBD8-EE25B9F52E0E} = {329F8FF4-36D4-495F-9F12-C579C7E38E29}
		{B1F7ED28-9FC5-4243-8B86-7804AC48705B} = {3447DD6F-23FA-4CC4-912D-9007DADB6B33}
		{9AFA8B81-D988-40CD-AE15-17AC4ACAA7D2} = {329F8FF4-36D4-495F-9F12-C579C7E38E29}
	EndGlobalSection
	GlobalSection(ExtensibilityGlobals) = postSolution
		SolutionGuid = {CBF27B07-D5AE-4D64-B47D-9319064B668A}
	EndGlobalSection
EndGlobal
